
Microsoft Visual Studio Solution File, Format Version 12.00
# Visual Studio Version 16
VisualStudioVersion = 16.0.28531.58
MinimumVisualStudioVersion = 10.0.40219.1
Project("{2150E333-8FDC-42A3-9474-1A3956D46DE8}") = "CSharp 7", "CSharp 7", "{4C3B4D23-800D-44F6-8CFB-A352BAFB3F08}"
EndProject
Project("{2150E333-8FDC-42A3-9474-1A3956D46DE8}") = "CSharp 8", "CSharp 8", "{68AB316D-3383-4108-A563-E7A3FAD5E426}"
EndProject
Project("{9A19103F-16F7-4668-BE54-9A1E7A4F7556}") = "2. Pattern Matching", "..\CSharp 7.0\Pattern Matching\2. Pattern Matching.csproj", "{646866E0-61B6-4738-9D5E-6F7518BB5A8B}"
EndProject
Project("{9A19103F-16F7-4668-BE54-9A1E7A4F7556}") = "1. Tuples", "..\CSharp 7.0\Tuples\1. Tuples.csproj", "{7901A277-67F0-44B9-BD25-9C4B8668368B}"
EndProject
Project("{9A19103F-16F7-4668-BE54-9A1E7A4F7556}") = "3. Nullable references", "..\CSharp 8.0\Nullable references\3. Nullable references.csproj", "{367EB15C-4ED3-484B-BDCF-5E5265E29545}"
EndProject
Project("{9A19103F-16F7-4668-BE54-9A1E7A4F7556}") = "2. Ranges", "..\CSharp 8.0\Ranges\2. Ranges.csproj", "{A75EDCED-CDAF-4255-993C-42E3C9E88532}"
EndProject
Project("{9A19103F-16F7-4668-BE54-9A1E7A4F7556}") = "1. Recrusive Patterns", "..\CSharp 8.0\Recrusive Patterns\1. Recrusive Patterns.csproj", "{78BAE3BD-FE03-4353-9B80-66C7F3B0E3B1}"
EndProject
Project("{9A19103F-16F7-4668-BE54-9A1E7A4F7556}") = "4. Using Declarations", "..\CSharp 8.0\Using_Declarations\4. Using Declarations.csproj", "{0FF4F5DE-5BE6-4331-83F6-79C18575F75F}"
EndProject
Project("{9A19103F-16F7-4668-BE54-9A1E7A4F7556}") = "6. Async Streams", "..\CSharp 8.0\Async_Streams\6. Async Streams.csproj", "{87184985-CD57-4FA6-8592-0FF403935EB0}"
EndProject
Project("{9A19103F-16F7-4668-BE54-9A1E7A4F7556}") = "5. Static Local Functions", "..\CSharp 8.0\StaticLocal\5. Static Local Functions.csproj", "{38690F80-13CB-4065-B480-B34784C0AF50}"
EndProject
Project("{9A19103F-16F7-4668-BE54-9A1E7A4F7556}") = "7. Default interface methods", "..\CSharp 8.0\Default_interface_methods\7. Default interface methods.csproj", "{8BADF833-7CAE-4036-92E3-BE7D765E9117}"
EndProject
Global
	GlobalSection(SolutionConfigurationPlatforms) = preSolution
		Debug|Any CPU = Debug|Any CPU
		Release|Any CPU = Release|Any CPU
	EndGlobalSection
	GlobalSection(ProjectConfigurationPlatforms) = postSolution
		{646866E0-61B6-4738-9D5E-6F7518BB5A8B}.Debug|Any CPU.ActiveCfg = Debug|Any CPU
		{646866E0-61B6-4738-9D5E-6F7518BB5A8B}.Debug|Any CPU.Build.0 = Debug|Any CPU
		{646866E0-61B6-4738-9D5E-6F7518BB5A8B}.Release|Any CPU.ActiveCfg = Release|Any CPU
		{646866E0-61B6-4738-9D5E-6F7518BB5A8B}.Release|Any CPU.Build.0 = Release|Any CPU
		{7901A277-67F0-44B9-BD25-9C4B8668368B}.Debug|Any CPU.ActiveCfg = Debug|Any CPU
		{7901A277-67F0-44B9-BD25-9C4B8668368B}.Debug|Any CPU.Build.0 = Debug|Any CPU
		{7901A277-67F0-44B9-BD25-9C4B8668368B}.Release|Any CPU.ActiveCfg = Release|Any CPU
		{7901A277-67F0-44B9-BD25-9C4B8668368B}.Release|Any CPU.Build.0 = Release|Any CPU
		{367EB15C-4ED3-484B-BDCF-5E5265E29545}.Debug|Any CPU.ActiveCfg = Debug|Any CPU
		{367EB15C-4ED3-484B-BDCF-5E5265E29545}.Debug|Any CPU.Build.0 = Debug|Any CPU
		{367EB15C-4ED3-484B-BDCF-5E5265E29545}.Release|Any CPU.ActiveCfg = Release|Any CPU
		{367EB15C-4ED3-484B-BDCF-5E5265E29545}.Release|Any CPU.Build.0 = Release|Any CPU
		{A75EDCED-CDAF-4255-993C-42E3C9E88532}.Debug|Any CPU.ActiveCfg = Debug|Any CPU
		{A75EDCED-CDAF-4255-993C-42E3C9E88532}.Debug|Any CPU.Build.0 = Debug|Any CPU
		{A75EDCED-CDAF-4255-993C-42E3C9E88532}.Release|Any CPU.ActiveCfg = Release|Any CPU
		{A75EDCED-CDAF-4255-993C-42E3C9E88532}.Release|Any CPU.Build.0 = Release|Any CPU
		{78BAE3BD-FE03-4353-9B80-66C7F3B0E3B1}.Debug|Any CPU.ActiveCfg = Debug|Any CPU
		{78BAE3BD-FE03-4353-9B80-66C7F3B0E3B1}.Debug|Any CPU.Build.0 = Debug|Any CPU
		{78BAE3BD-FE03-4353-9B80-66C7F3B0E3B1}.Release|Any CPU.ActiveCfg = Release|Any CPU
		{78BAE3BD-FE03-4353-9B80-66C7F3B0E3B1}.Release|Any CPU.Build.0 = Release|Any CPU
		{0FF4F5DE-5BE6-4331-83F6-79C18575F75F}.Debug|Any CPU.ActiveCfg = Debug|Any CPU
		{0FF4F5DE-5BE6-4331-83F6-79C18575F75F}.Debug|Any CPU.Build.0 = Debug|Any CPU
		{0FF4F5DE-5BE6-4331-83F6-79C18575F75F}.Release|Any CPU.ActiveCfg = Release|Any CPU
		{0FF4F5DE-5BE6-4331-83F6-79C18575F75F}.Release|Any CPU.Build.0 = Release|Any CPU
		{87184985-CD57-4FA6-8592-0FF403935EB0}.Debug|Any CPU.ActiveCfg = Debug|Any CPU
		{87184985-CD57-4FA6-8592-0FF403935EB0}.Debug|Any CPU.Build.0 = Debug|Any CPU
		{87184985-CD57-4FA6-8592-0FF403935EB0}.Release|Any CPU.ActiveCfg = Release|Any CPU
		{87184985-CD57-4FA6-8592-0FF403935EB0}.Release|Any CPU.Build.0 = Release|Any CPU
		{38690F80-13CB-4065-B480-B34784C0AF50}.Debug|Any CPU.ActiveCfg = Debug|Any CPU
		{38690F80-13CB-4065-B480-B34784C0AF50}.Debug|Any CPU.Build.0 = Debug|Any CPU
		{38690F80-13CB-4065-B480-B34784C0AF50}.Release|Any CPU.ActiveCfg = Release|Any CPU
		{38690F80-13CB-4065-B480-B34784C0AF50}.Release|Any CPU.Build.0 = Release|Any CPU
		{8BADF833-7CAE-4036-92E3-BE7D765E9117}.Debug|Any CPU.ActiveCfg = Debug|Any CPU
		{8BADF833-7CAE-4036-92E3-BE7D765E9117}.Debug|Any CPU.Build.0 = Debug|Any CPU
		{8BADF833-7CAE-4036-92E3-BE7D765E9117}.Release|Any CPU.ActiveCfg = Release|Any CPU
		{8BADF833-7CAE-4036-92E3-BE7D765E9117}.Release|Any CPU.Build.0 = Release|Any CPU
	EndGlobalSection
	GlobalSection(SolutionProperties) = preSolution
		HideSolutionNode = FALSE
	EndGlobalSection
	GlobalSection(NestedProjects) = preSolution
		{646866E0-61B6-4738-9D5E-6F7518BB5A8B} = {4C3B4D23-800D-44F6-8CFB-A352BAFB3F08}
		{7901A277-67F0-44B9-BD25-9C4B8668368B} = {4C3B4D23-800D-44F6-8CFB-A352BAFB3F08}
		{367EB15C-4ED3-484B-BDCF-5E5265E29545} = {68AB316D-3383-4108-A563-E7A3FAD5E426}
		{A75EDCED-CDAF-4255-993C-42E3C9E88532} = {68AB316D-3383-4108-A563-E7A3FAD5E426}
		{78BAE3BD-FE03-4353-9B80-66C7F3B0E3B1} = {68AB316D-3383-4108-A563-E7A3FAD5E426}
		{0FF4F5DE-5BE6-4331-83F6-79C18575F75F} = {68AB316D-3383-4108-A563-E7A3FAD5E426}
		{87184985-CD57-4FA6-8592-0FF403935EB0} = {68AB316D-3383-4108-A563-E7A3FAD5E426}
		{38690F80-13CB-4065-B480-B34784C0AF50} = {68AB316D-3383-4108-A563-E7A3FAD5E426}
		{8BADF833-7CAE-4036-92E3-BE7D765E9117} = {68AB316D-3383-4108-A563-E7A3FAD5E426}
	EndGlobalSection
	GlobalSection(ExtensibilityGlobals) = postSolution
		SolutionGuid = {FF617718-A3C6-4446-A9EB-B0357ADC49D2}
	EndGlobalSection
EndGlobal
